# This file is automatically @generated by Cargo.
# It is not intended for manual editing.
version = 4

[[package]]
name = "bitflags"
version = "2.13.2"
source = "registry+https://github.com/rust-lang/crates.io-index"
checksum = "3ded4057c258ba199e2d26386d3af3780957ecaee6c4ef4041c6b4b8b97c0b06"

[[package]]
name = "cc"
version = "1.6.0"
source = "registry+https://github.com/rust-lang/crates.io-index"
checksum = "f74872d07caf508b30a21f6836e7d7016a2eaf7d9ff4f48deaa58cd8a0407630"
dependencies = [
 "find-msvc-tools",
 "shlex",
]

[[package]]
name = "cmake"
version = "0.1.58"
source = "registry+https://github.com/rust-lang/crates.io-index"
checksum = "c0f78a02292a74a88ac736019ab962ece0bc380e3f977bf72e376c5d78ff0678"
dependencies = [
 "cc",
]

[[package]]
name = "find-msvc-tools"
version = "0.1.14"
source = "registry+https://github.com/rust-lang/crates.io-index"
checksum = "aedcfb3409746eddb02b9e19ebda1c3394f759a152e48ee875a0844d1b955484"

[[package]]
name = "libc"
version = "0.2.190"
source = "registry+https://github.com/rust-lang/crates.io-index"
checksum = "ce5d3ddc6d3fa000eb1536d85e147bfe31aacaba692ed6a876f95cb7c855be78"

[[package]]
name = "pkg-config"
version = "0.3.34"
source = "registry+https://github.com/rust-lang/crates.io-index"
checksum = "f6b464fbc74e149a392436b17d523f769e057cb6877f6a5c4618bc6f11800548"

[[package]]
name = "rpkg-config"
version = "0.1.2"
source = "registry+https://github.com/rust-lang/crates.io-index"
checksum = "5a2d2f3481209a6b42eec2fbb49063fb4e8d35b57023401495d4fe0f85c817f0"

[[package]]
name = "sdl3"
version = "0.20.0"
source = "registry+https://github.com/rust-lang/crates.io-index"
checksum = "f90c470b564b34e7f9ff0719ed7dc05ec71bc73fa4b28e0750a17b8987cf45f8"
dependencies = [
 "bitflags",
 "libc",
 "sdl3-image-sys",
 "sdl3-mixer-sys",
 "sdl3-net-sys",
 "sdl3-sys",
 "sdl3-ttf-sys",
]

[[package]]
name = "sdl3-image-src"
version = "3.4.6"
source = "registry+https://github.com/rust-lang/crates.io-index"
checksum = "bd9494480b91011c3eff1d15235a30c34f758ac4ee6b0a97579b0291d4fc2c85"

[[package]]
name = "sdl3-image-sys"
version = "0.7.0+SDL-image-3.4.6"
source = "registry+https://github.com/rust-lang/crates.io-index"
checksum = "e12eec1cd8dcb6be4430976d9b01ae1dcccc674aea5f5ca2bd7ffb2c881ed79d"
dependencies = [
 "cmake",
 "pkg-config",
 "rpkg-config",
 "sdl3-image-src",
 "sdl3-sys",
 "vcpkg",
]

[[package]]
name = "sdl3-mixer-src"
version = "3.2.4"
source = "registry+https://github.com/rust-lang/crates.io-index"
checksum = "9cd815ae87084588c7dbd027c1667b0a5e21a6b5ae7b22ecb230bc21c7063eca"

[[package]]
name = "sdl3-mixer-sys"
version = "0.7.0+SDL-mixer-3.2.4"
source = "registry+https://github.com/rust-lang/crates.io-index"
checksum = "6150136321198ec95cccfb6168d838f114273a7615d21b513e5277c86f7d3aa1"
dependencies = [
 "cmake",
 "pkg-config",
 "rpkg-config",
 "sdl3-mixer-src",
 "sdl3-sys",
 "vcpkg",
]

[[package]]
name = "sdl3-net-src"
version = "3.2.0"
source = "registry+https://github.com/rust-lang/crates.io-index"
checksum = "f0461903a7545a85fc0ae64bdd642ca86fc58c7e0a9422aa7ab108aba25dc1b9"

[[package]]
name = "sdl3-net-sys"
version = "0.7.0+SDL-net-3.2.0"
source = "registry+https://github.com/rust-lang/crates.io-index"
checksum = "2db35fcc4c810d47fbac59147c1157618d84d7b52aa8644c997e995eef43c5c3"
dependencies = [
 "cmake",
 "rpkg-config",
 "sdl3-net-src",
 "sdl3-sys",
]

[[package]]
name = "sdl3-src"
version = "3.4.18"
source = "registry+https://github.com/rust-lang/crates.io-index"
checksum = "400d0fb006a4485fde477cfc56a250c99d7bfb183fefd145c15fe7607db7fc49"

[[package]]
name = "sdl3-sys"
version = "0.7.2+SDL-3.4.18"
source = "registry+https://github.com/rust-lang/crates.io-index"
checksum = "82b6a7f3cad40c5b318b3539bb4624389f4a03504cd5f4c65030787b962505ac"
dependencies = [
 "cc",
 "cmake",
 "pkg-config",
 "rpkg-config",
 "sdl3-src",
 "vcpkg",
]

[[package]]
name = "sdl3-ttf-src"
version = "3.2.3"
source = "registry+https://github.com/rust-lang/crates.io-index"
checksum = "f28923d2ce72ff317d8eb7cec97ddfb8f351c330d7bcbf8c76e91332122c93b3"

[[package]]
name = "sdl3-ttf-sys"
version = "0.7.1+SDL-ttf-3.2.2"
source = "registry+https://github.com/rust-lang/crates.io-index"
checksum = "d254e537d2d96b3e2d6e8a3dd4850a1361b8689c3d95c6c1dfdc02b091307eef"
dependencies = [
 "cmake",
 "pkg-config",
 "rpkg-config",
 "sdl3-sys",
 "sdl3-ttf-src",
 "vcpkg",
]

[[package]]
name = "shlex"
version = "2.0.1"
source = "registry+https://github.com/rust-lang/crates.io-index"
checksum = "f8fadd59c855ef2080decdef8ff161eb6661b86933c9d82e5ba29dc602a55aba"

[[package]]
name = "sotb"
version = "0.5.1"
dependencies = [
 "sdl3",
]

[[package]]
name = "vcpkg"
version = "0.2.15"
source = "registry+https://github.com/rust-lang/crates.io-index"
checksum = "accd4ea62f7bb7a82fe23066fb0957d48ef677f6eeb8215f372f52e48bb32426"
